
Microsoft Visual Studio Solution File, Format Version 12.00
# Visual Studio Version 16
VisualStudioVersion = 16.0.29215.179
MinimumVisualStudioVersion = 10.0.40219.1
Project("{8BC9CEB8-8B4A-11D0-8D11-00A0C91BC942}") = "MandelbrotFractal", "MandelbrotFractal\MandelbrotFractal.vcxproj", "{A4104D49-6464-4EAF-BE0A-59BCB1E9D819}"
EndProject
Global
	GlobalSection(SolutionConfigurationPlatforms) = preSolution
		Debug|x64 = Debug|x64
		Debug|x86 = Debug|x86
		Release|x64 = Release|x64
		Release|x86 = Release|x86
	EndGlobalSection
	GlobalSection(ProjectConfigurationPlatforms) = postSolution
		{A4104D49-6464-4EAF-BE0A-59BCB1E9D819}.Debug|x64.ActiveCfg = Debug|x64
		{A4104D49-6464-4EAF-BE0A-59BCB1E9D819}.Debug|x64.Build.0 = Debug|x64
		{A4104D49-6464-4EAF-BE0A-59BCB1E9D819}.Debug|x86.ActiveCfg = Debug|Win32
		{A4104D49-6464-4EAF-BE0A-59BCB1E9D819}.Debug|x86.Build.0 = Debug|Win32
		{A4104D49-6464-4EAF-BE0A-59BCB1E9D819}.Release|x64.ActiveCfg = Release|x64
		{A4104D49-6464-4EAF-BE0A-59BCB1E9D819}.Release|x64.Build.0 = Release|x64
		{A4104D49-6464-4EAF-BE0A-59BCB1E9D819}.Release|x86.ActiveCfg = Release|Win32
		{A4104D49-6464-4EAF-BE0A-59BCB1E9D819}.Release|x86.Build.0 = Release|Win32
	EndGlobalSection
	GlobalSection(SolutionProperties) = preSolution
		HideSolutionNode = FALSE
	EndGlobalSection
	GlobalSection(ExtensibilityGlobals) = postSolution
		SolutionGuid = {71CD0C35-AC9D-408D-9B5E-195637C0EC91}
	EndGlobalSection
EndGlobal
